<?xml version="1.0" encoding="UTF-8" standalone="yes" ?>
<CodeBlocks_project_file>
	<FileVersion major="1" minor="6" />
	<Project>
		<Option title="SPICE_Core" />
		<Option pch_mode="2" />
		<Option compiler="gcc" />
		<Build>
			<Target title="Debug">
				<Option output="libSPICE_Cored" prefix_auto="1" extension_auto="1" />
				<Option working_dir="" />
				<Option object_output="obj/Debug/" />
				<Option type="2" />
				<Option compiler="gcc" />
				<Option createDefFile="1" />
				<Compiler>
					<Add option="-std=c++0x" />
					<Add option="-Wall" />
					<Add option="-g" />
					<Add option="-lpthread" />
					<Add option="-DLINUX" />
					<Add option="-DSILACONVERTER_BUILD" />
					<Add directory="../SPICE_BIG" />
				</Compiler>
			</Target>
			<Target title="Release">
				<Option output="libSPICE_Core" prefix_auto="1" extension_auto="1" />
				<Option working_dir="" />
				<Option object_output="obj/Release/" />
				<Option type="2" />
				<Option compiler="gcc" />
				<Option createDefFile="1" />
				<Compiler>
					<Add option="-O2" />
					<Add option="-std=c++0x" />
					<Add option="-Wall" />
					<Add option="-lpthread" />
					<Add option="-DLINUX" />
					<Add option="-DSILACONVERTER_BUILD" />
					<Add directory="../SPICE_BIG" />
				</Compiler>
				<Linker>
					<Add option="-s" />
				</Linker>
			</Target>
		</Build>
		<Unit filename="Internal/Abort.cpp" />
		<Unit filename="Internal/Abort.h" />
		<Unit filename="Internal/CommandHandler.cpp" />
		<Unit filename="Internal/CommandHandler.h" />
		<Unit filename="Internal/CommunicationInformations.cpp" />
		<Unit filename="Internal/CommunicationInformations.h" />
		<Unit filename="Internal/ConnectionHandler.cpp" />
		<Unit filename="Internal/ConnectionHandler.h" />
		<Unit filename="Internal/CoreData.cpp" />
		<Unit filename="Internal/CoreData.h" />
		<Unit filename="Internal/DoContinue.cpp" />
		<Unit filename="Internal/DoContinue.h" />
		<Unit filename="Internal/GetConfiguration.cpp" />
		<Unit filename="Internal/GetConfiguration.h" />
		<Unit filename="Internal/GetParameters.cpp" />
		<Unit filename="Internal/GetParameters.h" />
		<Unit filename="Internal/ICommandHandlerCallback.h" />
		<Unit filename="Internal/IMandatoryCommandCallback.h" />
		<Unit filename="Internal/Initialize.cpp" />
		<Unit filename="Internal/Initialize.h" />
		<Unit filename="Internal/InternalCommand.cpp" />
		<Unit filename="Internal/InternalCommand.h" />
		<Unit filename="Internal/InternalCore.cpp" />
		<Unit filename="Internal/InternalCore.h" />
		<Unit filename="Internal/LockDevice.cpp" />
		<Unit filename="Internal/LockDevice.h" />
		<Unit filename="Internal/MandatoryCommandBase.cpp" />
		<Unit filename="Internal/MandatoryCommandBase.h" />
		<Unit filename="Internal/Pause.cpp" />
		<Unit filename="Internal/Pause.h" />
		<Unit filename="Internal/Reset.cpp" />
		<Unit filename="Internal/Reset.h" />
		<Unit filename="Internal/SessionData.cpp" />
		<Unit filename="Internal/SessionData.h" />
		<Unit filename="Internal/SetConfiguration.cpp" />
		<Unit filename="Internal/SetConfiguration.h" />
		<Unit filename="Internal/SetParameters.cpp" />
		<Unit filename="Internal/SetParameters.h" />
		<Unit filename="Internal/UnlockDevice.cpp" />
		<Unit filename="Internal/UnlockDevice.h" />
		<Unit filename="Internal/WSDLGenerator.cpp" />
		<Unit filename="Internal/WSDLGenerator.h" />
		<Unit filename="Internal/WSDiscoveryCore.cpp" />
		<Unit filename="Internal/WSDiscoveryCore.h" />
		<Unit filename="SPICECore.cpp" />
		<Unit filename="SPICECore.h" />
		<Extensions>
			<code_completion />
			<debugger />
		</Extensions>
	</Project>
</CodeBlocks_project_file>
