<?xml version="1.0" encoding="utf-8"?>
<Project ToolsVersion="4.0" xmlns="http://schemas.microsoft.com/developer/msbuild/2003">
  <ItemGroup>
    <Filter Include="Quelldateien">
      <UniqueIdentifier>{4FC737F1-C7A5-4376-A066-2A32D752A2FF}</UniqueIdentifier>
      <Extensions>cpp;c;cc;cxx;def;odl;idl;hpj;bat;asm;asmx</Extensions>
    </Filter>
    <Filter Include="Headerdateien">
      <UniqueIdentifier>{93995380-89BD-4b04-88EB-625FBE52EBFB}</UniqueIdentifier>
      <Extensions>h;hpp;hxx;hm;inl;inc;xsd</Extensions>
    </Filter>
    <Filter Include="Ressourcendateien">
      <UniqueIdentifier>{67DA6AB6-F800-4c08-8B7A-83BB121AAD01}</UniqueIdentifier>
      <Extensions>rc;ico;cur;bmp;dlg;rc2;rct;bin;rgs;gif;jpg;jpeg;jpe;resx;tiff;tif;png;wav;mfcribbon-ms</Extensions>
    </Filter>
    <Filter Include="Headerdateien\Internal">
      <UniqueIdentifier>{2ab9a084-8239-4df9-97e3-dc0ee3a74236}</UniqueIdentifier>
    </Filter>
    <Filter Include="Headerdateien\Internal\Interfaces">
      <UniqueIdentifier>{d261bab3-1b3e-4d68-959b-aa487d56dbec}</UniqueIdentifier>
    </Filter>
    <Filter Include="Headerdateien\Internal\Commands">
      <UniqueIdentifier>{82051a1d-e489-42a8-93f2-005fdde5636b}</UniqueIdentifier>
    </Filter>
    <Filter Include="Headerdateien\Internal\Bases">
      <UniqueIdentifier>{ebd3e46c-ad52-48b9-a71a-46a5a2381b0b}</UniqueIdentifier>
    </Filter>
    <Filter Include="Headerdateien\Internal\Data">
      <UniqueIdentifier>{bd1c78d7-a0eb-4209-a7c1-6bfbd8a4053b}</UniqueIdentifier>
    </Filter>
    <Filter Include="Quelldateien\Internal">
      <UniqueIdentifier>{11f737db-12b0-44a4-9c65-cf32750d1de5}</UniqueIdentifier>
    </Filter>
    <Filter Include="Quelldateien\Internal\Bases">
      <UniqueIdentifier>{f5077104-0f4f-40be-877d-e3ebc1bd3f02}</UniqueIdentifier>
    </Filter>
    <Filter Include="Quelldateien\Internal\Commands">
      <UniqueIdentifier>{fd098b24-76e4-4549-8076-06a3ea3afa33}</UniqueIdentifier>
    </Filter>
    <Filter Include="Quelldateien\Internal\Data">
      <UniqueIdentifier>{507ca062-41af-4615-afb1-2f6e13633969}</UniqueIdentifier>
    </Filter>
    <Filter Include="Headerdateien\Internal\WSDiscovery">
      <UniqueIdentifier>{faba5419-3617-4f67-a9af-af9f6f4137e6}</UniqueIdentifier>
    </Filter>
    <Filter Include="Quelldateien\Internal\WSDiscovery">
      <UniqueIdentifier>{aabef72c-47d2-4576-90bf-2c1895d7ed73}</UniqueIdentifier>
    </Filter>
  </ItemGroup>
  <ItemGroup>
    <ClInclude Include="Internal\IMandatoryCommandCallback.h">
      <Filter>Headerdateien\Internal\Interfaces</Filter>
    </ClInclude>
    <ClInclude Include="Internal\ICommandHandlerCallback.h">
      <Filter>Headerdateien\Internal\Interfaces</Filter>
    </ClInclude>
    <ClInclude Include="Internal\MandatoryCommandBase.h">
      <Filter>Headerdateien\Internal\Bases</Filter>
    </ClInclude>
    <ClInclude Include="Internal\InternalCore.h">
      <Filter>Headerdateien\Internal</Filter>
    </ClInclude>
    <ClInclude Include="Internal\CommandHandler.h">
      <Filter>Headerdateien\Internal</Filter>
    </ClInclude>
    <ClInclude Include="Internal\ConnectionHandler.h">
      <Filter>Headerdateien\Internal</Filter>
    </ClInclude>
    <ClInclude Include="Internal\InternalCommand.h">
      <Filter>Headerdateien\Internal</Filter>
    </ClInclude>
    <ClInclude Include="Internal\SessionData.h">
      <Filter>Headerdateien\Internal\Data</Filter>
    </ClInclude>
    <ClInclude Include="Internal\CoreData.h">
      <Filter>Headerdateien\Internal\Data</Filter>
    </ClInclude>
    <ClInclude Include="Internal\CommunicationInformations.h">
      <Filter>Headerdateien\Internal\Data</Filter>
    </ClInclude>
    <ClInclude Include="Internal\Abort.h">
      <Filter>Headerdateien\Internal\Commands</Filter>
    </ClInclude>
    <ClInclude Include="Internal\DoContinue.h">
      <Filter>Headerdateien\Internal\Commands</Filter>
    </ClInclude>
    <ClInclude Include="Internal\GetConfiguration.h">
      <Filter>Headerdateien\Internal\Commands</Filter>
    </ClInclude>
    <ClInclude Include="Internal\GetParameters.h">
      <Filter>Headerdateien\Internal\Commands</Filter>
    </ClInclude>
    <ClInclude Include="Internal\Initialize.h">
      <Filter>Headerdateien\Internal\Commands</Filter>
    </ClInclude>
    <ClInclude Include="Internal\LockDevice.h">
      <Filter>Headerdateien\Internal\Commands</Filter>
    </ClInclude>
    <ClInclude Include="Internal\Pause.h">
      <Filter>Headerdateien\Internal\Commands</Filter>
    </ClInclude>
    <ClInclude Include="Internal\Reset.h">
      <Filter>Headerdateien\Internal\Commands</Filter>
    </ClInclude>
    <ClInclude Include="Internal\SetConfiguration.h">
      <Filter>Headerdateien\Internal\Commands</Filter>
    </ClInclude>
    <ClInclude Include="Internal\SetParameters.h">
      <Filter>Headerdateien\Internal\Commands</Filter>
    </ClInclude>
    <ClInclude Include="Internal\UnlockDevice.h">
      <Filter>Headerdateien\Internal\Commands</Filter>
    </ClInclude>
    <ClInclude Include="Internal\WSDLGenerator.h">
      <Filter>Headerdateien\Internal</Filter>
    </ClInclude>
    <ClInclude Include="Internal\WSDiscoveryCore.h">
      <Filter>Headerdateien\Internal\WSDiscovery</Filter>
    </ClInclude>
    <ClInclude Include="SPICECore.h">
      <Filter>Headerdateien</Filter>
    </ClInclude>
  </ItemGroup>
  <ItemGroup>
    <ClCompile Include="Internal\CommandHandler.cpp">
      <Filter>Quelldateien\Internal</Filter>
    </ClCompile>
    <ClCompile Include="Internal\ConnectionHandler.cpp">
      <Filter>Quelldateien\Internal</Filter>
    </ClCompile>
    <ClCompile Include="Internal\InternalCommand.cpp">
      <Filter>Quelldateien\Internal</Filter>
    </ClCompile>
    <ClCompile Include="Internal\InternalCore.cpp">
      <Filter>Quelldateien\Internal</Filter>
    </ClCompile>
    <ClCompile Include="Internal\MandatoryCommandBase.cpp">
      <Filter>Quelldateien\Internal\Bases</Filter>
    </ClCompile>
    <ClCompile Include="Internal\CommunicationInformations.cpp">
      <Filter>Quelldateien\Internal\Data</Filter>
    </ClCompile>
    <ClCompile Include="Internal\CoreData.cpp">
      <Filter>Quelldateien\Internal\Data</Filter>
    </ClCompile>
    <ClCompile Include="Internal\SessionData.cpp">
      <Filter>Quelldateien\Internal\Data</Filter>
    </ClCompile>
    <ClCompile Include="Internal\Abort.cpp">
      <Filter>Quelldateien\Internal\Commands</Filter>
    </ClCompile>
    <ClCompile Include="Internal\DoContinue.cpp">
      <Filter>Quelldateien\Internal\Commands</Filter>
    </ClCompile>
    <ClCompile Include="Internal\GetConfiguration.cpp">
      <Filter>Quelldateien\Internal\Commands</Filter>
    </ClCompile>
    <ClCompile Include="Internal\GetParameters.cpp">
      <Filter>Quelldateien\Internal\Commands</Filter>
    </ClCompile>
    <ClCompile Include="Internal\Initialize.cpp">
      <Filter>Quelldateien\Internal\Commands</Filter>
    </ClCompile>
    <ClCompile Include="Internal\LockDevice.cpp">
      <Filter>Quelldateien\Internal\Commands</Filter>
    </ClCompile>
    <ClCompile Include="Internal\Pause.cpp">
      <Filter>Quelldateien\Internal\Commands</Filter>
    </ClCompile>
    <ClCompile Include="Internal\Reset.cpp">
      <Filter>Quelldateien\Internal\Commands</Filter>
    </ClCompile>
    <ClCompile Include="Internal\SetConfiguration.cpp">
      <Filter>Quelldateien\Internal\Commands</Filter>
    </ClCompile>
    <ClCompile Include="Internal\SetParameters.cpp">
      <Filter>Quelldateien\Internal\Commands</Filter>
    </ClCompile>
    <ClCompile Include="Internal\UnlockDevice.cpp">
      <Filter>Quelldateien\Internal\Commands</Filter>
    </ClCompile>
    <ClCompile Include="Internal\WSDLGenerator.cpp">
      <Filter>Quelldateien\Internal</Filter>
    </ClCompile>
    <ClCompile Include="Internal\WSDiscoveryCore.cpp">
      <Filter>Quelldateien\Internal\WSDiscovery</Filter>
    </ClCompile>
    <ClCompile Include="SPICECore.cpp">
      <Filter>Quelldateien</Filter>
    </ClCompile>
  </ItemGroup>
</Project>