<?xml version="1.0" encoding="UTF-8" standalone="yes" ?>
<CodeBlocks_project_file>
	<FileVersion major="1" minor="6" />
	<Project>
		<Option title="SPICE_BIG" />
		<Option pch_mode="2" />
		<Option compiler="gcc" />
		<Build>
			<Target title="Debug">
				<Option output="libSPICE_BIGd" prefix_auto="1" extension_auto="1" />
				<Option working_dir="" />
				<Option object_output="obj/Debug/" />
				<Option type="2" />
				<Option compiler="gcc" />
				<Option createDefFile="1" />
				<Compiler>
					<Add option="-std=c++0x" />
					<Add option="-Wall" />
					<Add option="-g" />
					<Add option="-lpthread" />
					<Add option="-DLINUX" />
				</Compiler>
			</Target>
			<Target title="Release">
				<Option output="libSPICE_BIG" prefix_auto="1" extension_auto="1" />
				<Option working_dir="" />
				<Option object_output="obj/Release/" />
				<Option type="2" />
				<Option compiler="gcc" />
				<Option createDefFile="1" />
				<Compiler>
					<Add option="-O2" />
					<Add option="-std=c++0x" />
					<Add option="-Wall" />
					<Add option="-lpthread" />
					<Add option="-DLINUX" />
				</Compiler>
				<Linker>
					<Add option="-s" />
				</Linker>
			</Target>
		</Build>
		<Unit filename="CommandBase.cpp" />
		<Unit filename="CommandBase.h" />
		<Unit filename="CommandError.cpp" />
		<Unit filename="CommandError.h" />
		<Unit filename="ContinuationTask.cpp" />
		<Unit filename="ContinuationTask.h" />
		<Unit filename="DataEntry.cpp" />
		<Unit filename="DataEntry.h" />
		<Unit filename="DataEntryBool.cpp" />
		<Unit filename="DataEntryBool.h" />
		<Unit filename="DataEntryByte.cpp" />
		<Unit filename="DataEntryByte.h" />
		<Unit filename="DataEntryDouble.cpp" />
		<Unit filename="DataEntryDouble.h" />
		<Unit filename="DataEntryDuration.cpp" />
		<Unit filename="DataEntryDuration.h" />
		<Unit filename="DataEntryFloat.cpp" />
		<Unit filename="DataEntryFloat.h" />
		<Unit filename="DataEntryInt.cpp" />
		<Unit filename="DataEntryInt.h" />
		<Unit filename="DataEntryLong.cpp" />
		<Unit filename="DataEntryLong.h" />
		<Unit filename="DataEntryShort.cpp" />
		<Unit filename="DataEntryShort.h" />
		<Unit filename="DataEntryString.cpp" />
		<Unit filename="DataEntryString.h" />
		<Unit filename="DataEntryUnsignedByte.cpp" />
		<Unit filename="DataEntryUnsignedByte.h" />
		<Unit filename="DataEntryUnsignedInt.cpp" />
		<Unit filename="DataEntryUnsignedInt.h" />
		<Unit filename="DataEntryUnsignedLong.cpp" />
		<Unit filename="DataEntryUnsignedLong.h" />
		<Unit filename="DataEntryUnsignedShort.cpp" />
		<Unit filename="DataEntryUnsignedShort.h" />
		<Unit filename="DataSet.cpp" />
		<Unit filename="DataSet.h" />
		<Unit filename="GeneralFunctions.cpp" />
		<Unit filename="GeneralFunctions.h" />
		<Unit filename="ICommandCallback.h" />
		<Unit filename="IEthernetConnectionCallback.h" />
		<Unit filename="IEthernetEventConnection.h" />
		<Unit filename="IEthernetEventConnectionFactory.h" />
		<Unit filename="IEthernetServer.h" />
		<Unit filename="IResourceProvider.h" />
		<Unit filename="IWSDiscoveryCallback.h" />
		<Unit filename="IXMLParser.h" />
		<Unit filename="SiLASOAPFunctions.cpp" />
		<Unit filename="SiLASOAPFunctions.h" />
		<Unit filename="SpecificBase.cpp" />
		<Unit filename="SpecificBase.h" />
		<Unit filename="SpecificResetBase.cpp" />
		<Unit filename="SpecificResetBase.h" />
		<Extensions>
			<code_completion />
			<debugger />
		</Extensions>
	</Project>
</CodeBlocks_project_file>
